
Microsoft Visual Studio Solution File, Format Version 12.00
# Visual Studio Version 16
VisualStudioVersion = 16.0.30711.63
MinimumVisualStudioVersion = 10.0.40219.1
Project("{FAE04EC0-301F-11D3-BF4B-00C04F79EFBC}") = "GameSvr", "src\GameSvr\GameSvr.csproj", "{7D24A5E9-B907-4625-B0D6-B194996D11DE}"
EndProject
Project("{FAE04EC0-301F-11D3-BF4B-00C04F79EFBC}") = "SystemModule", "src\SystemModule\SystemModule.csproj", "{AC57E6B6-F9B1-474A-9823-DDADD343AA70}"
EndProject
Project("{FAE04EC0-301F-11D3-BF4B-00C04F79EFBC}") = "GameGate", "src\GameGate\GameGate.csproj", "{0E671CB2-DC3E-4CE7-90D6-9D2760C2CE1C}"
EndProject
Project("{FAE04EC0-301F-11D3-BF4B-00C04F79EFBC}") = "LoginSvr", "src\LoginSvr\LoginSvr.csproj", "{D4804C7B-3002-4A2B-B8F8-F7D5C9A69D07}"
EndProject
Project("{FAE04EC0-301F-11D3-BF4B-00C04F79EFBC}") = "LoginGate", "src\LoginGate\LoginGate.csproj", "{1DB111C8-2617-4F5D-A515-9EEC5D25C56E}"
EndProject
Project("{FAE04EC0-301F-11D3-BF4B-00C04F79EFBC}") = "SelGate", "src\SelGate\SelGate.csproj", "{A8F9A1AA-48F0-4731-8D6B-6DBBB61627E3}"
EndProject
Project("{FAE04EC0-301F-11D3-BF4B-00C04F79EFBC}") = "DBSvr", "src\DBSvr\DBSvr.csproj", "{28ED3883-CEAF-4C74-A3C7-B3DD856F58E7}"
EndProject
Global
	GlobalSection(SolutionConfigurationPlatforms) = preSolution
		Debug|Any CPU = Debug|Any CPU
		Release|Any CPU = Release|Any CPU
	EndGlobalSection
	GlobalSection(ProjectConfigurationPlatforms) = postSolution
		{7D24A5E9-B907-4625-B0D6-B194996D11DE}.Debug|Any CPU.ActiveCfg = Debug|Any CPU
		{7D24A5E9-B907-4625-B0D6-B194996D11DE}.Debug|Any CPU.Build.0 = Debug|Any CPU
		{7D24A5E9-B907-4625-B0D6-B194996D11DE}.Release|Any CPU.ActiveCfg = Release|Any CPU
		{7D24A5E9-B907-4625-B0D6-B194996D11DE}.Release|Any CPU.Build.0 = Release|Any CPU
		{AC57E6B6-F9B1-474A-9823-DDADD343AA70}.Debug|Any CPU.ActiveCfg = Debug|Any CPU
		{AC57E6B6-F9B1-474A-9823-DDADD343AA70}.Debug|Any CPU.Build.0 = Debug|Any CPU
		{AC57E6B6-F9B1-474A-9823-DDADD343AA70}.Release|Any CPU.ActiveCfg = Release|Any CPU
		{AC57E6B6-F9B1-474A-9823-DDADD343AA70}.Release|Any CPU.Build.0 = Release|Any CPU
		{0E671CB2-DC3E-4CE7-90D6-9D2760C2CE1C}.Debug|Any CPU.ActiveCfg = Debug|Any CPU
		{0E671CB2-DC3E-4CE7-90D6-9D2760C2CE1C}.Debug|Any CPU.Build.0 = Debug|Any CPU
		{0E671CB2-DC3E-4CE7-90D6-9D2760C2CE1C}.Release|Any CPU.ActiveCfg = Release|Any CPU
		{0E671CB2-DC3E-4CE7-90D6-9D2760C2CE1C}.Release|Any CPU.Build.0 = Release|Any CPU
		{D4804C7B-3002-4A2B-B8F8-F7D5C9A69D07}.Debug|Any CPU.ActiveCfg = Debug|Any CPU
		{D4804C7B-3002-4A2B-B8F8-F7D5C9A69D07}.Debug|Any CPU.Build.0 = Debug|Any CPU
		{D4804C7B-3002-4A2B-B8F8-F7D5C9A69D07}.Release|Any CPU.ActiveCfg = Release|Any CPU
		{D4804C7B-3002-4A2B-B8F8-F7D5C9A69D07}.Release|Any CPU.Build.0 = Release|Any CPU
		{1DB111C8-2617-4F5D-A515-9EEC5D25C56E}.Debug|Any CPU.ActiveCfg = Debug|Any CPU
		{1DB111C8-2617-4F5D-A515-9EEC5D25C56E}.Debug|Any CPU.Build.0 = Debug|Any CPU
		{1DB111C8-2617-4F5D-A515-9EEC5D25C56E}.Release|Any CPU.ActiveCfg = Release|Any CPU
		{1DB111C8-2617-4F5D-A515-9EEC5D25C56E}.Release|Any CPU.Build.0 = Release|Any CPU
		{A8F9A1AA-48F0-4731-8D6B-6DBBB61627E3}.Debug|Any CPU.ActiveCfg = Debug|Any CPU
		{A8F9A1AA-48F0-4731-8D6B-6DBBB61627E3}.Debug|Any CPU.Build.0 = Debug|Any CPU
		{A8F9A1AA-48F0-4731-8D6B-6DBBB61627E3}.Release|Any CPU.ActiveCfg = Release|Any CPU
		{A8F9A1AA-48F0-4731-8D6B-6DBBB61627E3}.Release|Any CPU.Build.0 = Release|Any CPU
		{28ED3883-CEAF-4C74-A3C7-B3DD856F58E7}.Debug|Any CPU.ActiveCfg = Debug|Any CPU
		{28ED3883-CEAF-4C74-A3C7-B3DD856F58E7}.Debug|Any CPU.Build.0 = Debug|Any CPU
		{28ED3883-CEAF-4C74-A3C7-B3DD856F58E7}.Release|Any CPU.ActiveCfg = Release|Any CPU
		{28ED3883-CEAF-4C74-A3C7-B3DD856F58E7}.Release|Any CPU.Build.0 = Release|Any CPU
	EndGlobalSection
	GlobalSection(SolutionProperties) = preSolution
		HideSolutionNode = FALSE
	EndGlobalSection
	GlobalSection(ExtensibilityGlobals) = postSolution
		SolutionGuid = {425FF5BB-3CA9-4756-A222-E1BBF4218F66}
	EndGlobalSection
EndGlobal
