
Microsoft Visual Studio Solution File, Format Version 12.00
# Visual Studio Version 17
VisualStudioVersion = 17.0.31717.71
MinimumVisualStudioVersion = 10.0.40219.1
Project("{9A19103F-16F7-4668-BE54-9A1E7A4F7556}") = "GameSvr", "src\GameSvr\GameSvr.csproj", "{7D24A5E9-B907-4625-B0D6-B194996D11DE}"
EndProject
Project("{9A19103F-16F7-4668-BE54-9A1E7A4F7556}") = "SystemModule", "src\SystemModule\SystemModule.csproj", "{AC57E6B6-F9B1-474A-9823-DDADD343AA70}"
EndProject
Project("{9A19103F-16F7-4668-BE54-9A1E7A4F7556}") = "GameGate", "src\GameGate\GameGate.csproj", "{0E671CB2-DC3E-4CE7-90D6-9D2760C2CE1C}"
EndProject
Project("{9A19103F-16F7-4668-BE54-9A1E7A4F7556}") = "LoginSvr", "src\LoginSvr\LoginSvr.csproj", "{D4804C7B-3002-4A2B-B8F8-F7D5C9A69D07}"
EndProject
Project("{9A19103F-16F7-4668-BE54-9A1E7A4F7556}") = "LoginGate", "src\LoginGate\LoginGate.csproj", "{1DB111C8-2617-4F5D-A515-9EEC5D25C56E}"
EndProject
Project("{9A19103F-16F7-4668-BE54-9A1E7A4F7556}") = "SelGate", "src\SelGate\SelGate.csproj", "{A8F9A1AA-48F0-4731-8D6B-6DBBB61627E3}"
EndProject
Project("{9A19103F-16F7-4668-BE54-9A1E7A4F7556}") = "DBSvr", "src\DBSvr\DBSvr.csproj", "{28ED3883-CEAF-4C74-A3C7-B3DD856F58E7}"
EndProject
Project("{9A19103F-16F7-4668-BE54-9A1E7A4F7556}") = "MakePlayer", "src\MakePlayer\MakePlayer.csproj", "{9F27960B-B37F-43B6-A43A-227B0121242C}"
EndProject
Project("{2150E333-8FDC-42A3-9474-1A3956D46DE8}") = "DBServer", "DBServer", "{3679ADB3-1DEA-4C69-9816-07018D4D7B1C}"
EndProject
Project("{2150E333-8FDC-42A3-9474-1A3956D46DE8}") = "LoginServer", "LoginServer", "{338DD141-378B-4C33-9462-62C0B48B31E0}"
EndProject
Project("{2150E333-8FDC-42A3-9474-1A3956D46DE8}") = "GameServer", "GameServer", "{8BD52155-0632-44C4-BB76-182CB6E30060}"
EndProject
Project("{2150E333-8FDC-42A3-9474-1A3956D46DE8}") = "Tools", "Tools", "{842C0390-113D-4B3E-B52D-94B74CAF077D}"
EndProject
Project("{FAE04EC0-301F-11D3-BF4B-00C04F79EFBC}") = "BotSvr", "src\BotSvr\BotSvr.csproj", "{3DD8F70F-553A-475E-8185-6FC3E7F7C171}"
EndProject
Project("{FAE04EC0-301F-11D3-BF4B-00C04F79EFBC}") = "CloudGate", "src\CloudGate\CloudGate.csproj", "{EBF2CE3C-8614-4DF1-910B-513D80976ADD}"
EndProject
Global
	GlobalSection(SolutionConfigurationPlatforms) = preSolution
		Debug|Any CPU = Debug|Any CPU
		Release|Any CPU = Release|Any CPU
	EndGlobalSection
	GlobalSection(ProjectConfigurationPlatforms) = postSolution
		{7D24A5E9-B907-4625-B0D6-B194996D11DE}.Debug|Any CPU.ActiveCfg = Debug|Any CPU
		{7D24A5E9-B907-4625-B0D6-B194996D11DE}.Debug|Any CPU.Build.0 = Debug|Any CPU
		{7D24A5E9-B907-4625-B0D6-B194996D11DE}.Release|Any CPU.ActiveCfg = Release|Any CPU
		{7D24A5E9-B907-4625-B0D6-B194996D11DE}.Release|Any CPU.Build.0 = Release|Any CPU
		{AC57E6B6-F9B1-474A-9823-DDADD343AA70}.Debug|Any CPU.ActiveCfg = Debug|Any CPU
		{AC57E6B6-F9B1-474A-9823-DDADD343AA70}.Debug|Any CPU.Build.0 = Debug|Any CPU
		{AC57E6B6-F9B1-474A-9823-DDADD343AA70}.Release|Any CPU.ActiveCfg = Release|Any CPU
		{AC57E6B6-F9B1-474A-9823-DDADD343AA70}.Release|Any CPU.Build.0 = Release|Any CPU
		{0E671CB2-DC3E-4CE7-90D6-9D2760C2CE1C}.Debug|Any CPU.ActiveCfg = Debug|Any CPU
		{0E671CB2-DC3E-4CE7-90D6-9D2760C2CE1C}.Debug|Any CPU.Build.0 = Debug|Any CPU
		{0E671CB2-DC3E-4CE7-90D6-9D2760C2CE1C}.Release|Any CPU.ActiveCfg = Release|Any CPU
		{0E671CB2-DC3E-4CE7-90D6-9D2760C2CE1C}.Release|Any CPU.Build.0 = Release|Any CPU
		{D4804C7B-3002-4A2B-B8F8-F7D5C9A69D07}.Debug|Any CPU.ActiveCfg = Debug|Any CPU
		{D4804C7B-3002-4A2B-B8F8-F7D5C9A69D07}.Debug|Any CPU.Build.0 = Debug|Any CPU
		{D4804C7B-3002-4A2B-B8F8-F7D5C9A69D07}.Release|Any CPU.ActiveCfg = Release|Any CPU
		{D4804C7B-3002-4A2B-B8F8-F7D5C9A69D07}.Release|Any CPU.Build.0 = Release|Any CPU
		{1DB111C8-2617-4F5D-A515-9EEC5D25C56E}.Debug|Any CPU.ActiveCfg = Debug|Any CPU
		{1DB111C8-2617-4F5D-A515-9EEC5D25C56E}.Debug|Any CPU.Build.0 = Debug|Any CPU
		{1DB111C8-2617-4F5D-A515-9EEC5D25C56E}.Release|Any CPU.ActiveCfg = Release|Any CPU
		{1DB111C8-2617-4F5D-A515-9EEC5D25C56E}.Release|Any CPU.Build.0 = Release|Any CPU
		{A8F9A1AA-48F0-4731-8D6B-6DBBB61627E3}.Debug|Any CPU.ActiveCfg = Debug|Any CPU
		{A8F9A1AA-48F0-4731-8D6B-6DBBB61627E3}.Debug|Any CPU.Build.0 = Debug|Any CPU
		{A8F9A1AA-48F0-4731-8D6B-6DBBB61627E3}.Release|Any CPU.ActiveCfg = Release|Any CPU
		{A8F9A1AA-48F0-4731-8D6B-6DBBB61627E3}.Release|Any CPU.Build.0 = Release|Any CPU
		{28ED3883-CEAF-4C74-A3C7-B3DD856F58E7}.Debug|Any CPU.ActiveCfg = Debug|Any CPU
		{28ED3883-CEAF-4C74-A3C7-B3DD856F58E7}.Debug|Any CPU.Build.0 = Debug|Any CPU
		{28ED3883-CEAF-4C74-A3C7-B3DD856F58E7}.Release|Any CPU.ActiveCfg = Release|Any CPU
		{28ED3883-CEAF-4C74-A3C7-B3DD856F58E7}.Release|Any CPU.Build.0 = Release|Any CPU
		{9F27960B-B37F-43B6-A43A-227B0121242C}.Debug|Any CPU.ActiveCfg = Debug|Any CPU
		{9F27960B-B37F-43B6-A43A-227B0121242C}.Debug|Any CPU.Build.0 = Debug|Any CPU
		{9F27960B-B37F-43B6-A43A-227B0121242C}.Release|Any CPU.ActiveCfg = Release|Any CPU
		{9F27960B-B37F-43B6-A43A-227B0121242C}.Release|Any CPU.Build.0 = Release|Any CPU
		{3DD8F70F-553A-475E-8185-6FC3E7F7C171}.Debug|Any CPU.ActiveCfg = Debug|Any CPU
		{3DD8F70F-553A-475E-8185-6FC3E7F7C171}.Debug|Any CPU.Build.0 = Debug|Any CPU
		{3DD8F70F-553A-475E-8185-6FC3E7F7C171}.Release|Any CPU.ActiveCfg = Release|Any CPU
		{3DD8F70F-553A-475E-8185-6FC3E7F7C171}.Release|Any CPU.Build.0 = Release|Any CPU
		{EBF2CE3C-8614-4DF1-910B-513D80976ADD}.Debug|Any CPU.ActiveCfg = Debug|Any CPU
		{EBF2CE3C-8614-4DF1-910B-513D80976ADD}.Debug|Any CPU.Build.0 = Debug|Any CPU
		{EBF2CE3C-8614-4DF1-910B-513D80976ADD}.Release|Any CPU.ActiveCfg = Release|Any CPU
		{EBF2CE3C-8614-4DF1-910B-513D80976ADD}.Release|Any CPU.Build.0 = Release|Any CPU
	EndGlobalSection
	GlobalSection(SolutionProperties) = preSolution
		HideSolutionNode = FALSE
	EndGlobalSection
	GlobalSection(ExtensibilityGlobals) = postSolution
		SolutionGuid = {425FF5BB-3CA9-4756-A222-E1BBF4218F66}
	EndGlobalSection
	GlobalSection(NestedProjects) = preSolution
		{28ED3883-CEAF-4C74-A3C7-B3DD856F58E7} = {3679ADB3-1DEA-4C69-9816-07018D4D7B1C}
		{A8F9A1AA-48F0-4731-8D6B-6DBBB61627E3} = {3679ADB3-1DEA-4C69-9816-07018D4D7B1C}
		{1DB111C8-2617-4F5D-A515-9EEC5D25C56E} = {338DD141-378B-4C33-9462-62C0B48B31E0}
		{D4804C7B-3002-4A2B-B8F8-F7D5C9A69D07} = {338DD141-378B-4C33-9462-62C0B48B31E0}
		{7D24A5E9-B907-4625-B0D6-B194996D11DE} = {8BD52155-0632-44C4-BB76-182CB6E30060}
		{0E671CB2-DC3E-4CE7-90D6-9D2760C2CE1C} = {8BD52155-0632-44C4-BB76-182CB6E30060}
		{9F27960B-B37F-43B6-A43A-227B0121242C} = {842C0390-113D-4B3E-B52D-94B74CAF077D}
		{3DD8F70F-553A-475E-8185-6FC3E7F7C171} = {842C0390-113D-4B3E-B52D-94B74CAF077D}
		{EBF2CE3C-8614-4DF1-910B-513D80976ADD} = {8BD52155-0632-44C4-BB76-182CB6E30060}
	EndGlobalSection
EndGlobal
