
Microsoft Visual Studio Solution File, Format Version 12.00
# Visual Studio Version 17
VisualStudioVersion = 17.0.31717.71
MinimumVisualStudioVersion = 10.0.40219.1
Project("{9A19103F-16F7-4668-BE54-9A1E7A4F7556}") = "GameSrv", "src\GameSrv\GameSrv.csproj", "{7D24A5E9-B907-4625-B0D6-B194996D11DE}"
EndProject
Project("{9A19103F-16F7-4668-BE54-9A1E7A4F7556}") = "SystemModule", "src\SystemModule\SystemModule.csproj", "{AC57E6B6-F9B1-474A-9823-DDADD343AA70}"
EndProject
Project("{9A19103F-16F7-4668-BE54-9A1E7A4F7556}") = "GameGate", "src\GameGate\GameGate.csproj", "{0E671CB2-DC3E-4CE7-90D6-9D2760C2CE1C}"
EndProject
Project("{9A19103F-16F7-4668-BE54-9A1E7A4F7556}") = "LoginSrv", "src\LoginSrv\LoginSrv.csproj", "{D4804C7B-3002-4A2B-B8F8-F7D5C9A69D07}"
EndProject
Project("{9A19103F-16F7-4668-BE54-9A1E7A4F7556}") = "LoginGate", "src\LoginGate\LoginGate.csproj", "{1DB111C8-2617-4F5D-A515-9EEC5D25C56E}"
EndProject
Project("{9A19103F-16F7-4668-BE54-9A1E7A4F7556}") = "SelGate", "src\SelGate\SelGate.csproj", "{A8F9A1AA-48F0-4731-8D6B-6DBBB61627E3}"
EndProject
Project("{9A19103F-16F7-4668-BE54-9A1E7A4F7556}") = "DBSrv", "src\DBSrv\DBSrv.csproj", "{28ED3883-CEAF-4C74-A3C7-B3DD856F58E7}"
EndProject
Project("{9A19103F-16F7-4668-BE54-9A1E7A4F7556}") = "MakePlayer", "src\MakePlayer\MakePlayer.csproj", "{9F27960B-B37F-43B6-A43A-227B0121242C}"
EndProject
Project("{2150E333-8FDC-42A3-9474-1A3956D46DE8}") = "DBServer", "DBServer", "{3679ADB3-1DEA-4C69-9816-07018D4D7B1C}"
EndProject
Project("{2150E333-8FDC-42A3-9474-1A3956D46DE8}") = "LoginServer", "LoginServer", "{338DD141-378B-4C33-9462-62C0B48B31E0}"
EndProject
Project("{2150E333-8FDC-42A3-9474-1A3956D46DE8}") = "GameServer", "GameServer", "{8BD52155-0632-44C4-BB76-182CB6E30060}"
EndProject
Project("{2150E333-8FDC-42A3-9474-1A3956D46DE8}") = "Tools", "Tools", "{842C0390-113D-4B3E-B52D-94B74CAF077D}"
EndProject
Project("{2150E333-8FDC-42A3-9474-1A3956D46DE8}") = "Clouds", "Clouds", "{D1A90098-6CA7-4C99-93F0-AF26E4A15260}"
EndProject
Project("{9A19103F-16F7-4668-BE54-9A1E7A4F7556}") = "DBSvr.Storage.MySQL", "src\Storeages\DBSvr.Storage.MySQL\DBSvr.Storage.MySQL.csproj", "{EF22FC3B-2298-4B25-B826-31E79DF29573}"
EndProject
Project("{9A19103F-16F7-4668-BE54-9A1E7A4F7556}") = "DBSrv.Storage", "src\Storeages\DBSrv.Storage\DBSrv.Storage.csproj", "{E0EE56B2-1816-4068-AB2B-5CC062D43462}"
EndProject
Project("{2150E333-8FDC-42A3-9474-1A3956D46DE8}") = "Storages", "Storages", "{3D2C298D-650B-4818-A611-713A0573B931}"
EndProject
Project("{2150E333-8FDC-42A3-9474-1A3956D46DE8}") = "DBSrv", "DBSrv", "{6E1CC18F-2BBE-4CBA-903A-267FB4C218EE}"
EndProject
Project("{9A19103F-16F7-4668-BE54-9A1E7A4F7556}") = "DBSvr.Storage.MongoDB", "src\Storeages\DBSvr.Storage.MongoDB\DBSvr.Storage.MongoDB.csproj", "{647E768C-E6EB-421B-BBD8-9BAC5162590D}"
EndProject
Project("{9A19103F-16F7-4668-BE54-9A1E7A4F7556}") = "LogDataSrv", "src\LogDataSrv\LogDataSrv.csproj", "{3375F945-E67F-49B5-9358-A6DDAD075C6D}"
EndProject
Project("{9A19103F-16F7-4668-BE54-9A1E7A4F7556}") = "MapSrv", "src\MapSrv\MapSrv.csproj", "{19D44174-D864-4625-B4C8-08A3DB5B6073}"
EndProject
Project("{9A19103F-16F7-4668-BE54-9A1E7A4F7556}") = "BotSrv", "src\BotSrv\BotSrv.csproj", "{8CCD54FB-8799-4BD4-899A-CA71295F4EEF}"
EndProject
Project("{2150E333-8FDC-42A3-9474-1A3956D46DE8}") = "WebApi", "WebApi", "{1F08AE40-73B7-47A6-B172-B2A6B8642D5F}"
EndProject
Project("{9A19103F-16F7-4668-BE54-9A1E7A4F7556}") = "WebApi", "WebApi\WebApi.csproj", "{BF804BD2-82B8-41B4-9AA8-9EB563058839}"
EndProject
Project("{9A19103F-16F7-4668-BE54-9A1E7A4F7556}") = "ChatSrv", "src\ChatSrv\ChatSrv.csproj", "{811B516C-0B4C-4034-8B35-CB365CCD3CDF}"
EndProject
Project("{9A19103F-16F7-4668-BE54-9A1E7A4F7556}") = "GameGateTests", "src\GameGateTests\GameGateTests.csproj", "{27819BB0-4A08-4B78-B426-F12A10E3EDF1}"
EndProject
Project("{2150E333-8FDC-42A3-9474-1A3956D46DE8}") = "Plugins", "Plugins", "{DBA65D0F-20CB-4635-BDBD-09C1AF69D19E}"
EndProject
Project("{9A19103F-16F7-4668-BE54-9A1E7A4F7556}") = "PluginEngine", "src\Plugin\PluginSystem\PluginEngine.csproj", "{9FD34B9F-6391-479A-8495-4DC5ACADDAE6}"
EndProject
Project("{FAE04EC0-301F-11D3-BF4B-00C04F79EFBC}") = "SocketPlugin", "src\Plugin\SocketPlugin\SocketPlugin.csproj", "{2452D801-A197-432A-9A37-2176B6C16D05}"
EndProject
Project("{2150E333-8FDC-42A3-9474-1A3956D46DE8}") = "Pluging", "Pluging", "{3B18FA0C-89A7-41F4-959F-1891DDA84BE6}"
EndProject
Project("{FAE04EC0-301F-11D3-BF4B-00C04F79EFBC}") = "GameTerminal", "src\GameTerminal\GameTerminal.csproj", "{09619452-44F4-4CB1-8349-AB1D688156ED}"
EndProject
Global
	GlobalSection(SolutionConfigurationPlatforms) = preSolution
		Debug|Any CPU = Debug|Any CPU
		Release|Any CPU = Release|Any CPU
	EndGlobalSection
	GlobalSection(ProjectConfigurationPlatforms) = postSolution
		{7D24A5E9-B907-4625-B0D6-B194996D11DE}.Debug|Any CPU.ActiveCfg = Debug|Any CPU
		{7D24A5E9-B907-4625-B0D6-B194996D11DE}.Debug|Any CPU.Build.0 = Debug|Any CPU
		{7D24A5E9-B907-4625-B0D6-B194996D11DE}.Release|Any CPU.ActiveCfg = Release|Any CPU
		{7D24A5E9-B907-4625-B0D6-B194996D11DE}.Release|Any CPU.Build.0 = Release|Any CPU
		{AC57E6B6-F9B1-474A-9823-DDADD343AA70}.Debug|Any CPU.ActiveCfg = Debug|Any CPU
		{AC57E6B6-F9B1-474A-9823-DDADD343AA70}.Debug|Any CPU.Build.0 = Debug|Any CPU
		{AC57E6B6-F9B1-474A-9823-DDADD343AA70}.Release|Any CPU.ActiveCfg = Release|Any CPU
		{AC57E6B6-F9B1-474A-9823-DDADD343AA70}.Release|Any CPU.Build.0 = Release|Any CPU
		{0E671CB2-DC3E-4CE7-90D6-9D2760C2CE1C}.Debug|Any CPU.ActiveCfg = Debug|Any CPU
		{0E671CB2-DC3E-4CE7-90D6-9D2760C2CE1C}.Debug|Any CPU.Build.0 = Debug|Any CPU
		{0E671CB2-DC3E-4CE7-90D6-9D2760C2CE1C}.Release|Any CPU.ActiveCfg = Release|Any CPU
		{0E671CB2-DC3E-4CE7-90D6-9D2760C2CE1C}.Release|Any CPU.Build.0 = Release|Any CPU
		{D4804C7B-3002-4A2B-B8F8-F7D5C9A69D07}.Debug|Any CPU.ActiveCfg = Debug|Any CPU
		{D4804C7B-3002-4A2B-B8F8-F7D5C9A69D07}.Debug|Any CPU.Build.0 = Debug|Any CPU
		{D4804C7B-3002-4A2B-B8F8-F7D5C9A69D07}.Release|Any CPU.ActiveCfg = Release|Any CPU
		{D4804C7B-3002-4A2B-B8F8-F7D5C9A69D07}.Release|Any CPU.Build.0 = Release|Any CPU
		{1DB111C8-2617-4F5D-A515-9EEC5D25C56E}.Debug|Any CPU.ActiveCfg = Debug|Any CPU
		{1DB111C8-2617-4F5D-A515-9EEC5D25C56E}.Debug|Any CPU.Build.0 = Debug|Any CPU
		{1DB111C8-2617-4F5D-A515-9EEC5D25C56E}.Release|Any CPU.ActiveCfg = Release|Any CPU
		{1DB111C8-2617-4F5D-A515-9EEC5D25C56E}.Release|Any CPU.Build.0 = Release|Any CPU
		{A8F9A1AA-48F0-4731-8D6B-6DBBB61627E3}.Debug|Any CPU.ActiveCfg = Debug|Any CPU
		{A8F9A1AA-48F0-4731-8D6B-6DBBB61627E3}.Debug|Any CPU.Build.0 = Debug|Any CPU
		{A8F9A1AA-48F0-4731-8D6B-6DBBB61627E3}.Release|Any CPU.ActiveCfg = Release|Any CPU
		{A8F9A1AA-48F0-4731-8D6B-6DBBB61627E3}.Release|Any CPU.Build.0 = Release|Any CPU
		{28ED3883-CEAF-4C74-A3C7-B3DD856F58E7}.Debug|Any CPU.ActiveCfg = Debug|Any CPU
		{28ED3883-CEAF-4C74-A3C7-B3DD856F58E7}.Debug|Any CPU.Build.0 = Debug|Any CPU
		{28ED3883-CEAF-4C74-A3C7-B3DD856F58E7}.Release|Any CPU.ActiveCfg = Release|Any CPU
		{28ED3883-CEAF-4C74-A3C7-B3DD856F58E7}.Release|Any CPU.Build.0 = Release|Any CPU
		{9F27960B-B37F-43B6-A43A-227B0121242C}.Debug|Any CPU.ActiveCfg = Debug|Any CPU
		{9F27960B-B37F-43B6-A43A-227B0121242C}.Debug|Any CPU.Build.0 = Debug|Any CPU
		{9F27960B-B37F-43B6-A43A-227B0121242C}.Release|Any CPU.ActiveCfg = Release|Any CPU
		{9F27960B-B37F-43B6-A43A-227B0121242C}.Release|Any CPU.Build.0 = Release|Any CPU
		{EF22FC3B-2298-4B25-B826-31E79DF29573}.Debug|Any CPU.ActiveCfg = Debug|Any CPU
		{EF22FC3B-2298-4B25-B826-31E79DF29573}.Debug|Any CPU.Build.0 = Debug|Any CPU
		{EF22FC3B-2298-4B25-B826-31E79DF29573}.Release|Any CPU.ActiveCfg = Release|Any CPU
		{EF22FC3B-2298-4B25-B826-31E79DF29573}.Release|Any CPU.Build.0 = Release|Any CPU
		{E0EE56B2-1816-4068-AB2B-5CC062D43462}.Debug|Any CPU.ActiveCfg = Debug|Any CPU
		{E0EE56B2-1816-4068-AB2B-5CC062D43462}.Debug|Any CPU.Build.0 = Debug|Any CPU
		{E0EE56B2-1816-4068-AB2B-5CC062D43462}.Release|Any CPU.ActiveCfg = Release|Any CPU
		{E0EE56B2-1816-4068-AB2B-5CC062D43462}.Release|Any CPU.Build.0 = Release|Any CPU
		{647E768C-E6EB-421B-BBD8-9BAC5162590D}.Debug|Any CPU.ActiveCfg = Debug|Any CPU
		{647E768C-E6EB-421B-BBD8-9BAC5162590D}.Debug|Any CPU.Build.0 = Debug|Any CPU
		{647E768C-E6EB-421B-BBD8-9BAC5162590D}.Release|Any CPU.ActiveCfg = Release|Any CPU
		{647E768C-E6EB-421B-BBD8-9BAC5162590D}.Release|Any CPU.Build.0 = Release|Any CPU
		{3375F945-E67F-49B5-9358-A6DDAD075C6D}.Debug|Any CPU.ActiveCfg = Debug|Any CPU
		{3375F945-E67F-49B5-9358-A6DDAD075C6D}.Debug|Any CPU.Build.0 = Debug|Any CPU
		{3375F945-E67F-49B5-9358-A6DDAD075C6D}.Release|Any CPU.ActiveCfg = Release|Any CPU
		{3375F945-E67F-49B5-9358-A6DDAD075C6D}.Release|Any CPU.Build.0 = Release|Any CPU
		{19D44174-D864-4625-B4C8-08A3DB5B6073}.Debug|Any CPU.ActiveCfg = Debug|Any CPU
		{19D44174-D864-4625-B4C8-08A3DB5B6073}.Debug|Any CPU.Build.0 = Debug|Any CPU
		{19D44174-D864-4625-B4C8-08A3DB5B6073}.Release|Any CPU.ActiveCfg = Release|Any CPU
		{19D44174-D864-4625-B4C8-08A3DB5B6073}.Release|Any CPU.Build.0 = Release|Any CPU
		{8CCD54FB-8799-4BD4-899A-CA71295F4EEF}.Debug|Any CPU.ActiveCfg = Debug|Any CPU
		{8CCD54FB-8799-4BD4-899A-CA71295F4EEF}.Debug|Any CPU.Build.0 = Debug|Any CPU
		{8CCD54FB-8799-4BD4-899A-CA71295F4EEF}.Release|Any CPU.ActiveCfg = Release|Any CPU
		{8CCD54FB-8799-4BD4-899A-CA71295F4EEF}.Release|Any CPU.Build.0 = Release|Any CPU
		{BF804BD2-82B8-41B4-9AA8-9EB563058839}.Debug|Any CPU.ActiveCfg = Debug|Any CPU
		{BF804BD2-82B8-41B4-9AA8-9EB563058839}.Debug|Any CPU.Build.0 = Debug|Any CPU
		{BF804BD2-82B8-41B4-9AA8-9EB563058839}.Release|Any CPU.ActiveCfg = Release|Any CPU
		{BF804BD2-82B8-41B4-9AA8-9EB563058839}.Release|Any CPU.Build.0 = Release|Any CPU
		{811B516C-0B4C-4034-8B35-CB365CCD3CDF}.Debug|Any CPU.ActiveCfg = Debug|Any CPU
		{811B516C-0B4C-4034-8B35-CB365CCD3CDF}.Debug|Any CPU.Build.0 = Debug|Any CPU
		{811B516C-0B4C-4034-8B35-CB365CCD3CDF}.Release|Any CPU.ActiveCfg = Release|Any CPU
		{811B516C-0B4C-4034-8B35-CB365CCD3CDF}.Release|Any CPU.Build.0 = Release|Any CPU
		{27819BB0-4A08-4B78-B426-F12A10E3EDF1}.Debug|Any CPU.ActiveCfg = Debug|Any CPU
		{27819BB0-4A08-4B78-B426-F12A10E3EDF1}.Debug|Any CPU.Build.0 = Debug|Any CPU
		{27819BB0-4A08-4B78-B426-F12A10E3EDF1}.Release|Any CPU.ActiveCfg = Release|Any CPU
		{27819BB0-4A08-4B78-B426-F12A10E3EDF1}.Release|Any CPU.Build.0 = Release|Any CPU
		{9FD34B9F-6391-479A-8495-4DC5ACADDAE6}.Debug|Any CPU.ActiveCfg = Debug|Any CPU
		{9FD34B9F-6391-479A-8495-4DC5ACADDAE6}.Debug|Any CPU.Build.0 = Debug|Any CPU
		{9FD34B9F-6391-479A-8495-4DC5ACADDAE6}.Release|Any CPU.ActiveCfg = Release|Any CPU
		{9FD34B9F-6391-479A-8495-4DC5ACADDAE6}.Release|Any CPU.Build.0 = Release|Any CPU
		{2452D801-A197-432A-9A37-2176B6C16D05}.Debug|Any CPU.ActiveCfg = Debug|Any CPU
		{2452D801-A197-432A-9A37-2176B6C16D05}.Debug|Any CPU.Build.0 = Debug|Any CPU
		{2452D801-A197-432A-9A37-2176B6C16D05}.Release|Any CPU.ActiveCfg = Release|Any CPU
		{2452D801-A197-432A-9A37-2176B6C16D05}.Release|Any CPU.Build.0 = Release|Any CPU
		{09619452-44F4-4CB1-8349-AB1D688156ED}.Debug|Any CPU.ActiveCfg = Debug|Any CPU
		{09619452-44F4-4CB1-8349-AB1D688156ED}.Debug|Any CPU.Build.0 = Debug|Any CPU
		{09619452-44F4-4CB1-8349-AB1D688156ED}.Release|Any CPU.ActiveCfg = Release|Any CPU
		{09619452-44F4-4CB1-8349-AB1D688156ED}.Release|Any CPU.Build.0 = Release|Any CPU
	EndGlobalSection
	GlobalSection(SolutionProperties) = preSolution
		HideSolutionNode = FALSE
	EndGlobalSection
	GlobalSection(NestedProjects) = preSolution
		{7D24A5E9-B907-4625-B0D6-B194996D11DE} = {8BD52155-0632-44C4-BB76-182CB6E30060}
		{0E671CB2-DC3E-4CE7-90D6-9D2760C2CE1C} = {8BD52155-0632-44C4-BB76-182CB6E30060}
		{D4804C7B-3002-4A2B-B8F8-F7D5C9A69D07} = {338DD141-378B-4C33-9462-62C0B48B31E0}
		{1DB111C8-2617-4F5D-A515-9EEC5D25C56E} = {338DD141-378B-4C33-9462-62C0B48B31E0}
		{A8F9A1AA-48F0-4731-8D6B-6DBBB61627E3} = {3679ADB3-1DEA-4C69-9816-07018D4D7B1C}
		{28ED3883-CEAF-4C74-A3C7-B3DD856F58E7} = {3679ADB3-1DEA-4C69-9816-07018D4D7B1C}
		{9F27960B-B37F-43B6-A43A-227B0121242C} = {842C0390-113D-4B3E-B52D-94B74CAF077D}
		{EF22FC3B-2298-4B25-B826-31E79DF29573} = {6E1CC18F-2BBE-4CBA-903A-267FB4C218EE}
		{E0EE56B2-1816-4068-AB2B-5CC062D43462} = {6E1CC18F-2BBE-4CBA-903A-267FB4C218EE}
		{6E1CC18F-2BBE-4CBA-903A-267FB4C218EE} = {3D2C298D-650B-4818-A611-713A0573B931}
		{647E768C-E6EB-421B-BBD8-9BAC5162590D} = {6E1CC18F-2BBE-4CBA-903A-267FB4C218EE}
		{3375F945-E67F-49B5-9358-A6DDAD075C6D} = {8BD52155-0632-44C4-BB76-182CB6E30060}
		{19D44174-D864-4625-B4C8-08A3DB5B6073} = {8BD52155-0632-44C4-BB76-182CB6E30060}
		{8CCD54FB-8799-4BD4-899A-CA71295F4EEF} = {842C0390-113D-4B3E-B52D-94B74CAF077D}
		{BF804BD2-82B8-41B4-9AA8-9EB563058839} = {1F08AE40-73B7-47A6-B172-B2A6B8642D5F}
		{811B516C-0B4C-4034-8B35-CB365CCD3CDF} = {8BD52155-0632-44C4-BB76-182CB6E30060}
		{9FD34B9F-6391-479A-8495-4DC5ACADDAE6} = {DBA65D0F-20CB-4635-BDBD-09C1AF69D19E}
		{2452D801-A197-432A-9A37-2176B6C16D05} = {3B18FA0C-89A7-41F4-959F-1891DDA84BE6}
		{3B18FA0C-89A7-41F4-959F-1891DDA84BE6} = {DBA65D0F-20CB-4635-BDBD-09C1AF69D19E}
	EndGlobalSection
	GlobalSection(ExtensibilityGlobals) = postSolution
		SolutionGuid = {425FF5BB-3CA9-4756-A222-E1BBF4218F66}
	EndGlobalSection
EndGlobal
